
Microsoft Visual Studio Solution File, Format Version 12.00
# Visual Studio Version 17
VisualStudioVersion = 17.5.002.0
MinimumVisualStudioVersion = 10.0.40219.1
Project("{2150E333-8FDC-42A3-9474-1A3956D46DE8}") = "Lesson1", "Lesson1", "{045F2889-B11E-4E57-8740-53A7A6EAF4B2}"
EndProject
Project("{9A19103F-16F7-4668-BE54-9A1E7A4F7556}") = "task1", "Lesson1\Task1\task1.csproj", "{060BEFA4-00A8-4F52-9920-61B36C01214E}"
EndProject
Project("{9A19103F-16F7-4668-BE54-9A1E7A4F7556}") = "Task2", "Lesson1\Task2\Task2.csproj", "{77C3BB12-A828-4029-9ED7-72776EDE842D}"
EndProject
Project("{9A19103F-16F7-4668-BE54-9A1E7A4F7556}") = "Task3", "Lesson1\Task3\Task3.csproj", "{5932743A-CD0D-45FE-ABB9-C3CCAE823533}"
EndProject
Project("{9A19103F-16F7-4668-BE54-9A1E7A4F7556}") = "Task4", "Lesson1\Task4\Task4.csproj", "{D32B3823-8AC9-4E52-A150-BAFE1CDAC347}"
EndProject
Project("{9A19103F-16F7-4668-BE54-9A1E7A4F7556}") = "Task5", "Lesson1\Task5\Task5.csproj", "{014DED79-7A93-439A-9B3B-567D67B6E305}"
EndProject
Project("{2150E333-8FDC-42A3-9474-1A3956D46DE8}") = "Seminar1", "Seminar1", "{F4AF8B5E-F163-40B1-97BC-934371C64B76}"
EndProject
Project("{9A19103F-16F7-4668-BE54-9A1E7A4F7556}") = "Task1", "Seminar1\Task1\Task1.csproj", "{BA3C78C4-44DB-43A4-9DB2-36B7C8AC2B3F}"
EndProject
Project("{9A19103F-16F7-4668-BE54-9A1E7A4F7556}") = "task2", "Seminar1\Task2\task2.csproj", "{D1CBAAE3-F7D9-43C2-8923-5BAD59F8C73D}"
EndProject
Project("{9A19103F-16F7-4668-BE54-9A1E7A4F7556}") = "Task3", "Seminar1\Task3\Task3.csproj", "{E8B22325-0CA8-4E97-B247-74A11DE3135E}"
EndProject
Project("{2150E333-8FDC-42A3-9474-1A3956D46DE8}") = "Seminar2", "Seminar2", "{68BB4B13-DF94-46A8-88EF-47781BDA9A7C}"
EndProject
Project("{9A19103F-16F7-4668-BE54-9A1E7A4F7556}") = "Task1", "Seminar2\Task1\Task1.csproj", "{832D30AE-2D5C-48FA-9BF6-E69B1CBB0CD7}"
EndProject
Global
	GlobalSection(SolutionConfigurationPlatforms) = preSolution
		Debug|Any CPU = Debug|Any CPU
		Release|Any CPU = Release|Any CPU
	EndGlobalSection
	GlobalSection(ProjectConfigurationPlatforms) = postSolution
		{060BEFA4-00A8-4F52-9920-61B36C01214E}.Debug|Any CPU.ActiveCfg = Debug|Any CPU
		{060BEFA4-00A8-4F52-9920-61B36C01214E}.Debug|Any CPU.Build.0 = Debug|Any CPU
		{060BEFA4-00A8-4F52-9920-61B36C01214E}.Release|Any CPU.ActiveCfg = Release|Any CPU
		{060BEFA4-00A8-4F52-9920-61B36C01214E}.Release|Any CPU.Build.0 = Release|Any CPU
		{77C3BB12-A828-4029-9ED7-72776EDE842D}.Debug|Any CPU.ActiveCfg = Debug|Any CPU
		{77C3BB12-A828-4029-9ED7-72776EDE842D}.Debug|Any CPU.Build.0 = Debug|Any CPU
		{77C3BB12-A828-4029-9ED7-72776EDE842D}.Release|Any CPU.ActiveCfg = Release|Any CPU
		{77C3BB12-A828-4029-9ED7-72776EDE842D}.Release|Any CPU.Build.0 = Release|Any CPU
		{5932743A-CD0D-45FE-ABB9-C3CCAE823533}.Debug|Any CPU.ActiveCfg = Debug|Any CPU
		{5932743A-CD0D-45FE-ABB9-C3CCAE823533}.Debug|Any CPU.Build.0 = Debug|Any CPU
		{5932743A-CD0D-45FE-ABB9-C3CCAE823533}.Release|Any CPU.ActiveCfg = Release|Any CPU
		{5932743A-CD0D-45FE-ABB9-C3CCAE823533}.Release|Any CPU.Build.0 = Release|Any CPU
		{D32B3823-8AC9-4E52-A150-BAFE1CDAC347}.Debug|Any CPU.ActiveCfg = Debug|Any CPU
		{D32B3823-8AC9-4E52-A150-BAFE1CDAC347}.Debug|Any CPU.Build.0 = Debug|Any CPU
		{D32B3823-8AC9-4E52-A150-BAFE1CDAC347}.Release|Any CPU.ActiveCfg = Release|Any CPU
		{D32B3823-8AC9-4E52-A150-BAFE1CDAC347}.Release|Any CPU.Build.0 = Release|Any CPU
		{014DED79-7A93-439A-9B3B-567D67B6E305}.Debug|Any CPU.ActiveCfg = Debug|Any CPU
		{014DED79-7A93-439A-9B3B-567D67B6E305}.Debug|Any CPU.Build.0 = Debug|Any CPU
		{014DED79-7A93-439A-9B3B-567D67B6E305}.Release|Any CPU.ActiveCfg = Release|Any CPU
		{014DED79-7A93-439A-9B3B-567D67B6E305}.Release|Any CPU.Build.0 = Release|Any CPU
		{BA3C78C4-44DB-43A4-9DB2-36B7C8AC2B3F}.Debug|Any CPU.ActiveCfg = Debug|Any CPU
		{BA3C78C4-44DB-43A4-9DB2-36B7C8AC2B3F}.Debug|Any CPU.Build.0 = Debug|Any CPU
		{BA3C78C4-44DB-43A4-9DB2-36B7C8AC2B3F}.Release|Any CPU.ActiveCfg = Release|Any CPU
		{BA3C78C4-44DB-43A4-9DB2-36B7C8AC2B3F}.Release|Any CPU.Build.0 = Release|Any CPU
		{D1CBAAE3-F7D9-43C2-8923-5BAD59F8C73D}.Debug|Any CPU.ActiveCfg = Debug|Any CPU
		{D1CBAAE3-F7D9-43C2-8923-5BAD59F8C73D}.Debug|Any CPU.Build.0 = Debug|Any CPU
		{D1CBAAE3-F7D9-43C2-8923-5BAD59F8C73D}.Release|Any CPU.ActiveCfg = Release|Any CPU
		{D1CBAAE3-F7D9-43C2-8923-5BAD59F8C73D}.Release|Any CPU.Build.0 = Release|Any CPU
		{E8B22325-0CA8-4E97-B247-74A11DE3135E}.Debug|Any CPU.ActiveCfg = Debug|Any CPU
		{E8B22325-0CA8-4E97-B247-74A11DE3135E}.Debug|Any CPU.Build.0 = Debug|Any CPU
		{E8B22325-0CA8-4E97-B247-74A11DE3135E}.Release|Any CPU.ActiveCfg = Release|Any CPU
		{E8B22325-0CA8-4E97-B247-74A11DE3135E}.Release|Any CPU.Build.0 = Release|Any CPU
		{832D30AE-2D5C-48FA-9BF6-E69B1CBB0CD7}.Debug|Any CPU.ActiveCfg = Debug|Any CPU
		{832D30AE-2D5C-48FA-9BF6-E69B1CBB0CD7}.Debug|Any CPU.Build.0 = Debug|Any CPU
		{832D30AE-2D5C-48FA-9BF6-E69B1CBB0CD7}.Release|Any CPU.ActiveCfg = Release|Any CPU
		{832D30AE-2D5C-48FA-9BF6-E69B1CBB0CD7}.Release|Any CPU.Build.0 = Release|Any CPU
	EndGlobalSection
	GlobalSection(SolutionProperties) = preSolution
		HideSolutionNode = FALSE
	EndGlobalSection
	GlobalSection(NestedProjects) = preSolution
		{060BEFA4-00A8-4F52-9920-61B36C01214E} = {045F2889-B11E-4E57-8740-53A7A6EAF4B2}
		{77C3BB12-A828-4029-9ED7-72776EDE842D} = {045F2889-B11E-4E57-8740-53A7A6EAF4B2}
		{5932743A-CD0D-45FE-ABB9-C3CCAE823533} = {045F2889-B11E-4E57-8740-53A7A6EAF4B2}
		{D32B3823-8AC9-4E52-A150-BAFE1CDAC347} = {045F2889-B11E-4E57-8740-53A7A6EAF4B2}
		{014DED79-7A93-439A-9B3B-567D67B6E305} = {045F2889-B11E-4E57-8740-53A7A6EAF4B2}
		{BA3C78C4-44DB-43A4-9DB2-36B7C8AC2B3F} = {F4AF8B5E-F163-40B1-97BC-934371C64B76}
		{D1CBAAE3-F7D9-43C2-8923-5BAD59F8C73D} = {F4AF8B5E-F163-40B1-97BC-934371C64B76}
		{E8B22325-0CA8-4E97-B247-74A11DE3135E} = {F4AF8B5E-F163-40B1-97BC-934371C64B76}
		{832D30AE-2D5C-48FA-9BF6-E69B1CBB0CD7} = {68BB4B13-DF94-46A8-88EF-47781BDA9A7C}
	EndGlobalSection
	GlobalSection(ExtensibilityGlobals) = postSolution
		SolutionGuid = {D87D41BE-E18A-4DAB-9CC3-A53FACBB1136}
	EndGlobalSection
EndGlobal
